
Microsoft Visual Studio Solution File, Format Version 12.00
# Visual Studio Version 17
VisualStudioVersion = 17.5.33424.131
MinimumVisualStudioVersion = 10.0.40219.1
Project("{8BC9CEB8-8B4A-11D0-8D11-00A0C91BC942}") = "ParadigmaOOP_ 007", "ParadigmaOOP_ 007\ParadigmaOOP_ 007.vcxproj", "{EC0EDB63-65B8-443A-8DF7-CBCAA9F0DD78}"
EndProject
Project("{8BC9CEB8-8B4A-11D0-8D11-00A0C91BC942}") = "mainIA", "mainIA\mainIA.vcxproj", "{881F2FAD-C858-46FB-BE22-9BADE5C84A98}"
EndProject
Global
	GlobalSection(SolutionConfigurationPlatforms) = preSolution
		Debug|x64 = Debug|x64
		Debug|x86 = Debug|x86
		Release|x64 = Release|x64
		Release|x86 = Release|x86
	EndGlobalSection
	GlobalSection(ProjectConfigurationPlatforms) = postSolution
		{EC0EDB63-65B8-443A-8DF7-CBCAA9F0DD78}.Debug|x64.ActiveCfg = Debug|x64
		{EC0EDB63-65B8-443A-8DF7-CBCAA9F0DD78}.Debug|x64.Build.0 = Debug|x64
		{EC0EDB63-65B8-443A-8DF7-CBCAA9F0DD78}.Debug|x86.ActiveCfg = Debug|Win32
		{EC0EDB63-65B8-443A-8DF7-CBCAA9F0DD78}.Debug|x86.Build.0 = Debug|Win32
		{EC0EDB63-65B8-443A-8DF7-CBCAA9F0DD78}.Release|x64.ActiveCfg = Release|x64
		{EC0EDB63-65B8-443A-8DF7-CBCAA9F0DD78}.Release|x64.Build.0 = Release|x64
		{EC0EDB63-65B8-443A-8DF7-CBCAA9F0DD78}.Release|x86.ActiveCfg = Release|Win32
		{EC0EDB63-65B8-443A-8DF7-CBCAA9F0DD78}.Release|x86.Build.0 = Release|Win32
		{881F2FAD-C858-46FB-BE22-9BADE5C84A98}.Debug|x64.ActiveCfg = Debug|x64
		{881F2FAD-C858-46FB-BE22-9BADE5C84A98}.Debug|x64.Build.0 = Debug|x64
		{881F2FAD-C858-46FB-BE22-9BADE5C84A98}.Debug|x86.ActiveCfg = Debug|Win32
		{881F2FAD-C858-46FB-BE22-9BADE5C84A98}.Debug|x86.Build.0 = Debug|Win32
		{881F2FAD-C858-46FB-BE22-9BADE5C84A98}.Release|x64.ActiveCfg = Release|x64
		{881F2FAD-C858-46FB-BE22-9BADE5C84A98}.Release|x64.Build.0 = Release|x64
		{881F2FAD-C858-46FB-BE22-9BADE5C84A98}.Release|x86.ActiveCfg = Release|Win32
		{881F2FAD-C858-46FB-BE22-9BADE5C84A98}.Release|x86.Build.0 = Release|Win32
	EndGlobalSection
	GlobalSection(SolutionProperties) = preSolution
		HideSolutionNode = FALSE
	EndGlobalSection
	GlobalSection(ExtensibilityGlobals) = postSolution
		SolutionGuid = {8CA93D56-2F4A-40F1-A321-132601930CE8}
	EndGlobalSection
EndGlobal
